
Microsoft Visual Studio Solution File, Format Version 12.00
# Visual Studio Version 16
VisualStudioVersion = 16.0.30413.136
MinimumVisualStudioVersion = 10.0.40219.1
Project("{FAE04EC0-301F-11D3-BF4B-00C04F79EFBC}") = "ProductAanbod", "ProductAanbod.csproj", "{9D48F596-9B8C-4203-BD36-8B908652D75F}"
EndProject
Global
	GlobalSection(SolutionConfigurationPlatforms) = preSolution
		Debug|Any CPU = Debug|Any CPU
		Release|Any CPU = Release|Any CPU
	EndGlobalSection
	GlobalSection(ProjectConfigurationPlatforms) = postSolution
		{9D48F596-9B8C-4203-BD36-8B908652D75F}.Debug|Any CPU.ActiveCfg = Debug|Any CPU
		{9D48F596-9B8C-4203-BD36-8B908652D75F}.Debug|Any CPU.Build.0 = Debug|Any CPU
		{9D48F596-9B8C-4203-BD36-8B908652D75F}.Release|Any CPU.ActiveCfg = Release|Any CPU
		{9D48F596-9B8C-4203-BD36-8B908652D75F}.Release|Any CPU.Build.0 = Release|Any CPU
	EndGlobalSection
	GlobalSection(SolutionProperties) = preSolution
		HideSolutionNode = FALSE
	EndGlobalSection
	GlobalSection(ExtensibilityGlobals) = postSolution
		SolutionGuid = {EAC6A1D5-FA11-48A8-B533-043BC18FC436}
	EndGlobalSection
EndGlobal
